
Microsoft Visual Studio Solution File, Format Version 12.00
# Visual Studio Version 16
VisualStudioVersion = 16.0.29409.12
MinimumVisualStudioVersion = 10.0.40219.1
Project("{FAE04EC0-301F-11D3-BF4B-00C04F79EFBC}") = "Biblioteca da Patricia", "Biblioteca da Patricia\Biblioteca da Patricia.csproj", "{B3FF37AE-7136-4855-96BE-705E06AF10C9}"
EndProject
Global
	GlobalSection(SolutionConfigurationPlatforms) = preSolution
		Debug|Any CPU = Debug|Any CPU
		Release|Any CPU = Release|Any CPU
	EndGlobalSection
	GlobalSection(ProjectConfigurationPlatforms) = postSolution
		{B3FF37AE-7136-4855-96BE-705E06AF10C9}.Debug|Any CPU.ActiveCfg = Debug|Any CPU
		{B3FF37AE-7136-4855-96BE-705E06AF10C9}.Debug|Any CPU.Build.0 = Debug|Any CPU
		{B3FF37AE-7136-4855-96BE-705E06AF10C9}.Release|Any CPU.ActiveCfg = Release|Any CPU
		{B3FF37AE-7136-4855-96BE-705E06AF10C9}.Release|Any CPU.Build.0 = Release|Any CPU
	EndGlobalSection
	GlobalSection(SolutionProperties) = preSolution
		HideSolutionNode = FALSE
	EndGlobalSection
	GlobalSection(ExtensibilityGlobals) = postSolution
		SolutionGuid = {DC5F1158-A206-46C0-9B63-C04D51C6A9FA}
	EndGlobalSection
EndGlobal
